
Microsoft Visual Studio Solution File, Format Version 12.00
# Visual Studio Version 17
VisualStudioVersion = 17.1.32328.378
MinimumVisualStudioVersion = 10.0.40219.1
Project("{9A19103F-16F7-4668-BE54-9A1E7A4F7556}") = "Product_Agreements", "Product_Agreements.csproj", "{B5A4ABC3-6ABF-4F2B-8C00-C8B72922DC07}"
EndProject
Project("{9A19103F-16F7-4668-BE54-9A1E7A4F7556}") = "Product_Agreements_Objects", "..\Product_Agreements_Objects\Product_Agreements_Objects.csproj", "{6FA41655-1447-4D36-A1D5-FBF46337C72D}"
EndProject
Project("{9A19103F-16F7-4668-BE54-9A1E7A4F7556}") = "Product_Agreements_Services", "..\Product_Agreements_Services\Product_Agreements_Services.csproj", "{140D9417-2675-4A67-8A23-6814B4DCAA89}"
EndProject
Global
	GlobalSection(SolutionConfigurationPlatforms) = preSolution
		Debug|Any CPU = Debug|Any CPU
		Release|Any CPU = Release|Any CPU
	EndGlobalSection
	GlobalSection(ProjectConfigurationPlatforms) = postSolution
		{B5A4ABC3-6ABF-4F2B-8C00-C8B72922DC07}.Debug|Any CPU.ActiveCfg = Debug|Any CPU
		{B5A4ABC3-6ABF-4F2B-8C00-C8B72922DC07}.Debug|Any CPU.Build.0 = Debug|Any CPU
		{B5A4ABC3-6ABF-4F2B-8C00-C8B72922DC07}.Release|Any CPU.ActiveCfg = Release|Any CPU
		{B5A4ABC3-6ABF-4F2B-8C00-C8B72922DC07}.Release|Any CPU.Build.0 = Release|Any CPU
		{6FA41655-1447-4D36-A1D5-FBF46337C72D}.Debug|Any CPU.ActiveCfg = Debug|Any CPU
		{6FA41655-1447-4D36-A1D5-FBF46337C72D}.Debug|Any CPU.Build.0 = Debug|Any CPU
		{6FA41655-1447-4D36-A1D5-FBF46337C72D}.Release|Any CPU.ActiveCfg = Release|Any CPU
		{6FA41655-1447-4D36-A1D5-FBF46337C72D}.Release|Any CPU.Build.0 = Release|Any CPU
		{140D9417-2675-4A67-8A23-6814B4DCAA89}.Debug|Any CPU.ActiveCfg = Debug|Any CPU
		{140D9417-2675-4A67-8A23-6814B4DCAA89}.Debug|Any CPU.Build.0 = Debug|Any CPU
		{140D9417-2675-4A67-8A23-6814B4DCAA89}.Release|Any CPU.ActiveCfg = Release|Any CPU
		{140D9417-2675-4A67-8A23-6814B4DCAA89}.Release|Any CPU.Build.0 = Release|Any CPU
	EndGlobalSection
	GlobalSection(SolutionProperties) = preSolution
		HideSolutionNode = FALSE
	EndGlobalSection
	GlobalSection(ExtensibilityGlobals) = postSolution
		SolutionGuid = {DEB1DDF4-67B3-4386-99EA-280469AE5BB1}
	EndGlobalSection
EndGlobal
